// !$*UTF8*$!
{
	archiveVersion = 1;
	classes = {
	};
	objectVersion = 56;
	objects = {

/* Begin PBXBuildFile section */
		B03BA9722C27336C00808841 /* AppDelegate.swift in Sources */ = {isa = PBXBuildFile; fileRef = B03BA9712C27336C00808841 /* AppDelegate.swift */; };
		B03BA9742C27336C00808841 /* SceneDelegate.swift in Sources */ = {isa = PBXBuildFile; fileRef = B03BA9732C27336C00808841 /* SceneDelegate.swift */; };
		B03BA9762C27336C00808841 /* ViewController.swift in Sources */ = {isa = PBXBuildFile; fileRef = B03BA9752C27336C00808841 /* ViewController.swift */; };
		B03BA9792C27336C00808841 /* Base in Resources */ = {isa = PBXBuildFile; fileRef = B03BA9782C27336C00808841 /* Base */; };
		B03BA97B2C27336D00808841 /* Assets.xcassets in Resources */ = {isa = PBXBuildFile; fileRef = B03BA97A2C27336D00808841 /* Assets.xcassets */; };
		B03BA97E2C27336D00808841 /* Base in Resources */ = {isa = PBXBuildFile; fileRef = B03BA97D2C27336D00808841 /* Base */; };
		B03BA9892C27336D00808841 /* TinkoffCalculatorTests.swift in Sources */ = {isa = PBXBuildFile; fileRef = B03BA9882C27336D00808841 /* TinkoffCalculatorTests.swift */; };
		B03BA9932C27336D00808841 /* TinkoffCalculatorUITests.swift in Sources */ = {isa = PBXBuildFile; fileRef = B03BA9922C27336D00808841 /* TinkoffCalculatorUITests.swift */; };
		B03BA9952C27336D00808841 /* TinkoffCalculatorUITestsLaunchTests.swift in Sources */ = {isa = PBXBuildFile; fileRef = B03BA9942C27336D00808841 /* TinkoffCalculatorUITestsLaunchTests.swift */; };
/* End PBXBuildFile section */

/* Begin PBXContainerItemProxy section */
		B03BA9852C27336D00808841 /* PBXContainerItemProxy */ = {
			isa = PBXContainerItemProxy;
			containerPortal = B03BA9662C27336C00808841 /* Project object */;
			proxyType = 1;
			remoteGlobalIDString = B03BA96D2C27336C00808841;
			remoteInfo = TinkoffCalculator;
		};
		B03BA98F2C27336D00808841 /* PBXContainerItemProxy */ = {
			isa = PBXContainerItemProxy;
			containerPortal = B03BA9662C27336C00808841 /* Project object */;
			proxyType = 1;
			remoteGlobalIDString = B03BA96D2C27336C00808841;
			remoteInfo = TinkoffCalculator;
		};
/* End PBXContainerItemProxy section */

/* Begin PBXFileReference section */
		B03BA96E2C27336C00808841 /* TinkoffCalculator.app */ = {isa = PBXFileReference; explicitFileType = wrapper.application; includeInIndex = 0; path = TinkoffCalculator.app; sourceTree = BUILT_PRODUCTS_DIR; };
		B03BA9712C27336C00808841 /* AppDelegate.swift */ = {isa = PBXFileReference; lastKnownFileType = sourcecode.swift; path = AppDelegate.swift; sourceTree = "<group>"; };
		B03BA9732C27336C00808841 /* SceneDelegate.swift */ = {isa = PBXFileReference; lastKnownFileType = sourcecode.swift; path = SceneDelegate.swift; sourceTree = "<group>"; };
		B03BA9752C27336C00808841 /* ViewController.swift */ = {isa = PBXFileReference; lastKnownFileType = sourcecode.swift; path = ViewController.swift; sourceTree = "<group>"; };
		B03BA9782C27336C00808841 /* Base */ = {isa = PBXFileReference; lastKnownFileType = file.storyboard; name = Base; path = Base.lproj/Main.storyboard; sourceTree = "<group>"; };
		B03BA97A2C27336D00808841 /* Assets.xcassets */ = {isa = PBXFileReference; lastKnownFileType = folder.assetcatalog; path = Assets.xcassets; sourceTree = "<group>"; };
		B03BA97D2C27336D00808841 /* Base */ = {isa = PBXFileReference; lastKnownFileType = file.storyboard; name = Base; path = Base.lproj/LaunchScreen.storyboard; sourceTree = "<group>"; };
		B03BA97F2C27336D00808841 /* Info.plist */ = {isa = PBXFileReference; lastKnownFileType = text.plist.xml; path = Info.plist; sourceTree = "<group>"; };
		B03BA9842C27336D00808841 /* TinkoffCalculatorTests.xctest */ = {isa = PBXFileReference; explicitFileType = wrapper.cfbundle; includeInIndex = 0; path = TinkoffCalculatorTests.xctest; sourceTree = BUILT_PRODUCTS_DIR; };
		B03BA9882C27336D00808841 /* TinkoffCalculatorTests.swift */ = {isa = PBXFileReference; lastKnownFileType = sourcecode.swift; path = TinkoffCalculatorTests.swift; sourceTree = "<group>"; };
		B03BA98E2C27336D00808841 /* TinkoffCalculatorUITests.xctest */ = {isa = PBXFileReference; explicitFileType = wrapper.cfbundle; includeInIndex = 0; path = TinkoffCalculatorUITests.xctest; sourceTree = BUILT_PRODUCTS_DIR; };
		B03BA9922C27336D00808841 /* TinkoffCalculatorUITests.swift */ = {isa = PBXFileReference; lastKnownFileType = sourcecode.swift; path = TinkoffCalculatorUITests.swift; sourceTree = "<group>"; };
		B03BA9942C27336D00808841 /* TinkoffCalculatorUITestsLaunchTests.swift */ = {isa = PBXFileReference; lastKnownFileType = sourcecode.swift; path = TinkoffCalculatorUITestsLaunchTests.swift; sourceTree = "<group>"; };
/* End PBXFileReference section */

/* Begin PBXFrameworksBuildPhase section */
		B03BA96B2C27336C00808841 /* Frameworks */ = {
			isa = PBXFrameworksBuildPhase;
			buildActionMask = 2147483647;
			files = (
			);
			runOnlyForDeploymentPostprocessing = 0;
		};
		B03BA9812C27336D00808841 /* Frameworks */ = {
			isa = PBXFrameworksBuildPhase;
			buildActionMask = 2147483647;
			files = (
			);
			runOnlyForDeploymentPostprocessing = 0;
		};
		B03BA98B2C27336D00808841 /* Frameworks */ = {
			isa = PBXFrameworksBuildPhase;
			buildActionMask = 2147483647;
			files = (
			);
			runOnlyForDeploymentPostprocessing = 0;
		};
/* End PBXFrameworksBuildPhase section */

/* Begin PBXGroup section */
		B03BA9652C27336C00808841 = {
			isa = PBXGroup;
			children = (
				B03BA9702C27336C00808841 /* TinkoffCalculator */,
				B03BA9872C27336D00808841 /* TinkoffCalculatorTests */,
				B03BA9912C27336D00808841 /* TinkoffCalculatorUITests */,
				B03BA96F2C27336C00808841 /* Products */,
			);
			sourceTree = "<group>";
		};
		B03BA96F2C27336C00808841 /* Products */ = {
			isa = PBXGroup;
			children = (
				B03BA96E2C27336C00808841 /* TinkoffCalculator.app */,
				B03BA9842C27336D00808841 /* TinkoffCalculatorTests.xctest */,
				B03BA98E2C27336D00808841 /* TinkoffCalculatorUITests.xctest */,
			);
			name = Products;
			sourceTree = "<group>";
		};
		B03BA9702C27336C00808841 /* TinkoffCalculator */ = {
			isa = PBXGroup;
			children = (
				B03BA9712C27336C00808841 /* AppDelegate.swift */,
				B03BA9732C27336C00808841 /* SceneDelegate.swift */,
				B03BA9752C27336C00808841 /* ViewController.swift */,
				B03BA9772C27336C00808841 /* Main.storyboard */,
				B03BA97A2C27336D00808841 /* Assets.xcassets */,
				B03BA97C2C27336D00808841 /* LaunchScreen.storyboard */,
				B03BA97F2C27336D00808841 /* Info.plist */,
			);
			path = TinkoffCalculator;
			sourceTree = "<group>";
		};
		B03BA9872C27336D00808841 /* TinkoffCalculatorTests */ = {
			isa = PBXGroup;
			children = (
				B03BA9882C27336D00808841 /* TinkoffCalculatorTests.swift */,
			);
			path = TinkoffCalculatorTests;
			sourceTree = "<group>";
		};
		B03BA9912C27336D00808841 /* TinkoffCalculatorUITests */ = {
			isa = PBXGroup;
			children = (
				B03BA9922C27336D00808841 /* TinkoffCalculatorUITests.swift */,
				B03BA9942C27336D00808841 /* TinkoffCalculatorUITestsLaunchTests.swift */,
			);
			path = TinkoffCalculatorUITests;
			sourceTree = "<group>";
		};
/* End PBXGroup section */

/* Begin PBXNativeTarget section */
		B03BA96D2C27336C00808841 /* TinkoffCalculator */ = {
			isa = PBXNativeTarget;
			buildConfigurationList = B03BA9982C27336D00808841 /* Build configuration list for PBXNativeTarget "TinkoffCalculator" */;
			buildPhases = (
				B03BA96A2C27336C00808841 /* Sources */,
				B03BA96B2C27336C00808841 /* Frameworks */,
				B03BA96C2C27336C00808841 /* Resources */,
			);
			buildRules = (
			);
			dependencies = (
			);
			name = TinkoffCalculator;
			productName = TinkoffCalculator;
			productReference = B03BA96E2C27336C00808841 /* TinkoffCalculator.app */;
			productType = "com.apple.product-type.application";
		};
		B03BA9832C27336D00808841 /* TinkoffCalculatorTests */ = {
			isa = PBXNativeTarget;
			buildConfigurationList = B03BA99B2C27336D00808841 /* Build configuration list for PBXNativeTarget "TinkoffCalculatorTests" */;
			buildPhases = (
				B03BA9802C27336D00808841 /* Sources */,
				B03BA9812C27336D00808841 /* Frameworks */,
				B03BA9822C27336D00808841 /* Resources */,
			);
			buildRules = (
			);
			dependencies = (
				B03BA9862C27336D00808841 /* PBXTargetDependency */,
			);
			name = TinkoffCalculatorTests;
			productName = TinkoffCalculatorTests;
			productReference = B03BA9842C27336D00808841 /* TinkoffCalculatorTests.xctest */;
			productType = "com.apple.product-type.bundle.unit-test";
		};
		B03BA98D2C27336D00808841 /* TinkoffCalculatorUITests */ = {
			isa = PBXNativeTarget;
			buildConfigurationList = B03BA99E2C27336D00808841 /* Build configuration list for PBXNativeTarget "TinkoffCalculatorUITests" */;
			buildPhases = (
				B03BA98A2C27336D00808841 /* Sources */,
				B03BA98B2C27336D00808841 /* Frameworks */,
				B03BA98C2C27336D00808841 /* Resources */,
			);
			buildRules = (
			);
			dependencies = (
				B03BA9902C27336D00808841 /* PBXTargetDependency */,
			);
			name = TinkoffCalculatorUITests;
			productName = TinkoffCalculatorUITests;
			productReference = B03BA98E2C27336D00808841 /* TinkoffCalculatorUITests.xctest */;
			productType = "com.apple.product-type.bundle.ui-testing";
		};
/* End PBXNativeTarget section */

/* Begin PBXProject section */
		B03BA9662C27336C00808841 /* Project object */ = {
			isa = PBXProject;
			attributes = {
				BuildIndependentTargetsInParallel = 1;
				LastSwiftUpdateCheck = 1540;
				LastUpgradeCheck = 1540;
				TargetAttributes = {
					B03BA96D2C27336C00808841 = {
						CreatedOnToolsVersion = 15.4;
					};
					B03BA9832C27336D00808841 = {
						CreatedOnToolsVersion = 15.4;
						TestTargetID = B03BA96D2C27336C00808841;
					};
					B03BA98D2C27336D00808841 = {
						CreatedOnToolsVersion = 15.4;
						TestTargetID = B03BA96D2C27336C00808841;
					};
				};
			};
			buildConfigurationList = B03BA9692C27336C00808841 /* Build configuration list for PBXProject "TinkoffCalculator" */;
			compatibilityVersion = "Xcode 14.0";
			developmentRegion = en;
			hasScannedForEncodings = 0;
			knownRegions = (
				en,
				Base,
			);
			mainGroup = B03BA9652C27336C00808841;
			productRefGroup = B03BA96F2C27336C00808841 /* Products */;
			projectDirPath = "";
			projectRoot = "";
			targets = (
				B03BA96D2C27336C00808841 /* TinkoffCalculator */,
				B03BA9832C27336D00808841 /* TinkoffCalculatorTests */,
				B03BA98D2C27336D00808841 /* TinkoffCalculatorUITests */,
			);
		};
/* End PBXProject section */

/* Begin PBXResourcesBuildPhase section */
		B03BA96C2C27336C00808841 /* Resources */ = {
			isa = PBXResourcesBuildPhase;
			buildActionMask = 2147483647;
			files = (
				B03BA97B2C27336D00808841 /* Assets.xcassets in Resources */,
				B03BA97E2C27336D00808841 /* Base in Resources */,
				B03BA9792C27336C00808841 /* Base in Resources */,
			);
			runOnlyForDeploymentPostprocessing = 0;
		};
		B03BA9822C27336D00808841 /* Resources */ = {
			isa = PBXResourcesBuildPhase;
			buildActionMask = 2147483647;
			files = (
			);
			runOnlyForDeploymentPostprocessing = 0;
		};
		B03BA98C2C27336D00808841 /* Resources */ = {
			isa = PBXResourcesBuildPhase;
			buildActionMask = 2147483647;
			files = (
			);
			runOnlyForDeploymentPostprocessing = 0;
		};
/* End PBXResourcesBuildPhase section */

/* Begin PBXSourcesBuildPhase section */
		B03BA96A2C27336C00808841 /* Sources */ = {
			isa = PBXSourcesBuildPhase;
			buildActionMask = 2147483647;
			files = (
				B03BA9762C27336C00808841 /* ViewController.swift in Sources */,
				B03BA9722C27336C00808841 /* AppDelegate.swift in Sources */,
				B03BA9742C27336C00808841 /* SceneDelegate.swift in Sources */,
			);
			runOnlyForDeploymentPostprocessing = 0;
		};
		B03BA9802C27336D00808841 /* Sources */ = {
			isa = PBXSourcesBuildPhase;
			buildActionMask = 2147483647;
			files = (
				B03BA9892C27336D00808841 /* TinkoffCalculatorTests.swift in Sources */,
			);
			runOnlyForDeploymentPostprocessing = 0;
		};
		B03BA98A2C27336D00808841 /* Sources */ = {
			isa = PBXSourcesBuildPhase;
			buildActionMask = 2147483647;
			files = (
				B03BA9952C27336D00808841 /* TinkoffCalculatorUITestsLaunchTests.swift in Sources */,
				B03BA9932C27336D00808841 /* TinkoffCalculatorUITests.swift in Sources */,
			);
			runOnlyForDeploymentPostprocessing = 0;
		};
/* End PBXSourcesBuildPhase section */

/* Begin PBXTargetDependency section */
		B03BA9862C27336D00808841 /* PBXTargetDependency */ = {
			isa = PBXTargetDependency;
			target = B03BA96D2C27336C00808841 /* TinkoffCalculator */;
			targetProxy = B03BA9852C27336D00808841 /* PBXContainerItemProxy */;
		};
		B03BA9902C27336D00808841 /* PBXTargetDependency */ = {
			isa = PBXTargetDependency;
			target = B03BA96D2C27336C00808841 /* TinkoffCalculator */;
			targetProxy = B03BA98F2C27336D00808841 /* PBXContainerItemProxy */;
		};
/* End PBXTargetDependency section */

/* Begin PBXVariantGroup section */
		B03BA9772C27336C00808841 /* Main.storyboard */ = {
			isa = PBXVariantGroup;
			children = (
				B03BA9782C27336C00808841 /* Base */,
			);
			name = Main.storyboard;
			sourceTree = "<group>";
		};
		B03BA97C2C27336D00808841 /* LaunchScreen.storyboard */ = {
			isa = PBXVariantGroup;
			children = (
				B03BA97D2C27336D00808841 /* Base */,
			);
			name = LaunchScreen.storyboard;
			sourceTree = "<group>";
		};
/* End PBXVariantGroup section */

/* Begin XCBuildConfiguration section */
		B03BA9962C27336D00808841 /* Debug */ = {
			isa = XCBuildConfiguration;
			buildSettings = {
				ALWAYS_SEARCH_USER_PATHS = NO;
				ASSETCATALOG_COMPILER_GENERATE_SWIFT_ASSET_SYMBOL_EXTENSIONS = YES;
				CLANG_ANALYZER_NONNULL = YES;
				CLANG_ANALYZER_NUMBER_OBJECT_CONVERSION = YES_AGGRESSIVE;
				CLANG_CXX_LANGUAGE_STANDARD = "gnu++20";
				CLANG_ENABLE_MODULES = YES;
				CLANG_ENABLE_OBJC_ARC = YES;
				CLANG_ENABLE_OBJC_WEAK = YES;
				CLANG_WARN_BLOCK_CAPTURE_AUTORELEASING = YES;
				CLANG_WARN_BOOL_CONVERSION = YES;
				CLANG_WARN_COMMA = YES;
				CLANG_WARN_CONSTANT_CONVERSION = YES;
				CLANG_WARN_DEPRECATED_OBJC_IMPLEMENTATIONS = YES;
				CLANG_WARN_DIRECT_OBJC_ISA_USAGE = YES_ERROR;
				CLANG_WARN_DOCUMENTATION_COMMENTS = YES;
				CLANG_WARN_EMPTY_BODY = YES;
				CLANG_WARN_ENUM_CONVERSION = YES;
				CLANG_WARN_INFINITE_RECURSION = YES;
				CLANG_WARN_INT_CONVERSION = YES;
				CLANG_WARN_NON_LITERAL_NULL_CONVERSION = YES;
				CLANG_WARN_OBJC_IMPLICIT_RETAIN_SELF = YES;
				CLANG_WARN_OBJC_LITERAL_CONVERSION = YES;
				CLANG_WARN_OBJC_ROOT_CLASS = YES_ERROR;
				CLANG_WARN_QUOTED_INCLUDE_IN_FRAMEWORK_HEADER = YES;
				CLANG_WARN_RANGE_LOOP_ANALYSIS = YES;
				CLANG_WARN_STRICT_PROTOTYPES = YES;
				CLANG_WARN_SUSPICIOUS_MOVE = YES;
				CLANG_WARN_UNGUARDED_AVAILABILITY = YES_AGGRESSIVE;
				CLANG_WARN_UNREACHABLE_CODE = YES;
				CLANG_WARN__DUPLICATE_METHOD_MATCH = YES;
				COPY_PHASE_STRIP = NO;
				DEBUG_INFORMATION_FORMAT = dwarf;
				ENABLE_STRICT_OBJC_MSGSEND = YES;
				ENABLE_TESTABILITY = YES;
				ENABLE_USER_SCRIPT_SANDBOXING = YES;
				GCC_C_LANGUAGE_STANDARD = gnu17;
				GCC_DYNAMIC_NO_PIC = NO;
				GCC_NO_COMMON_BLOCKS = YES;
				GCC_OPTIMIZATION_LEVEL = 0;
				GCC_PREPROCESSOR_DEFINITIONS = (
					"DEBUG=1",
					"$(inherited)",
				);
				GCC_WARN_64_TO_32_BIT_CONVERSION = YES;
				GCC_WARN_ABOUT_RETURN_TYPE = YES_ERROR;
				GCC_WARN_UNDECLARED_SELECTOR = YES;
				GCC_WARN_UNINITIALIZED_AUTOS = YES_AGGRESSIVE;
				GCC_WARN_UNUSED_FUNCTION = YES;
				GCC_WARN_UNUSED_VARIABLE = YES;
				IPHONEOS_DEPLOYMENT_TARGET = 16.4;
				LOCALIZATION_PREFERS_STRING_CATALOGS = YES;
				MTL_ENABLE_DEBUG_INFO = INCLUDE_SOURCE;
				MTL_FAST_MATH = YES;
				ONLY_ACTIVE_ARCH = YES;
				SDKROOT = iphoneos;
				SWIFT_ACTIVE_COMPILATION_CONDITIONS = "DEBUG $(inherited)";
				SWIFT_OPTIMIZATION_LEVEL = "-Onone";
			};
			name = Debug;
		};
		B03BA9972C27336D00808841 /* Release */ = {
			isa = XCBuildConfiguration;
			buildSettings = {
				ALWAYS_SEARCH_USER_PATHS = NO;
				ASSETCATALOG_COMPILER_GENERATE_SWIFT_ASSET_SYMBOL_EXTENSIONS = YES;
				CLANG_ANALYZER_NONNULL = YES;
				CLANG_ANALYZER_NUMBER_OBJECT_CONVERSION = YES_AGGRESSIVE;
				CLANG_CXX_LANGUAGE_STANDARD = "gnu++20";
				CLANG_ENABLE_MODULES = YES;
				CLANG_ENABLE_OBJC_ARC = YES;
				CLANG_ENABLE_OBJC_WEAK = YES;
				CLANG_WARN_BLOCK_CAPTURE_AUTORELEASING = YES;
				CLANG_WARN_BOOL_CONVERSION = YES;
				CLANG_WARN_COMMA = YES;
				CLANG_WARN_CONSTANT_CONVERSION = YES;
				CLANG_WARN_DEPRECATED_OBJC_IMPLEMENTATIONS = YES;
				CLANG_WARN_DIRECT_OBJC_ISA_USAGE = YES_ERROR;
				CLANG_WARN_DOCUMENTATION_COMMENTS = YES;
				CLANG_WARN_EMPTY_BODY = YES;
				CLANG_WARN_ENUM_CONVERSION = YES;
				CLANG_WARN_INFINITE_RECURSION = YES;
				CLANG_WARN_INT_CONVERSION = YES;
				CLANG_WARN_NON_LITERAL_NULL_CONVERSION = YES;
				CLANG_WARN_OBJC_IMPLICIT_RETAIN_SELF = YES;
				CLANG_WARN_OBJC_LITERAL_CONVERSION = YES;
				CLANG_WARN_OBJC_ROOT_CLASS = YES_ERROR;
				CLANG_WARN_QUOTED_INCLUDE_IN_FRAMEWORK_HEADER = YES;
				CLANG_WARN_RANGE_LOOP_ANALYSIS = YES;
				CLANG_WARN_STRICT_PROTOTYPES = YES;
				CLANG_WARN_SUSPICIOUS_MOVE = YES;
				CLANG_WARN_UNGUARDED_AVAILABILITY = YES_AGGRESSIVE;
				CLANG_WARN_UNREACHABLE_CODE = YES;
				CLANG_WARN__DUPLICATE_METHOD_MATCH = YES;
				COPY_PHASE_STRIP = NO;
				DEBUG_INFORMATION_FORMAT = "dwarf-with-dsym";
				ENABLE_NS_ASSERTIONS = NO;
				ENABLE_STRICT_OBJC_MSGSEND = YES;
				ENABLE_USER_SCRIPT_SANDBOXING = YES;
				GCC_C_LANGUAGE_STANDARD = gnu17;
				GCC_NO_COMMON_BLOCKS = YES;
				GCC_WARN_64_TO_32_BIT_CONVERSION = YES;
				GCC_WARN_ABOUT_RETURN_TYPE = YES_ERROR;
				GCC_WARN_UNDECLARED_SELECTOR = YES;
				GCC_WARN_UNINITIALIZED_AUTOS = YES_AGGRESSIVE;
				GCC_WARN_UNUSED_FUNCTION = YES;
				GCC_WARN_UNUSED_VARIABLE = YES;
				IPHONEOS_DEPLOYMENT_TARGET = 16.4;
				LOCALIZATION_PREFERS_STRING_CATALOGS = YES;
				MTL_ENABLE_DEBUG_INFO = NO;
				MTL_FAST_MATH = YES;
				SDKROOT = iphoneos;
				SWIFT_COMPILATION_MODE = wholemodule;
				VALIDATE_PRODUCT = YES;
			};
			name = Release;
		};
		B03BA9992C27336D00808841 /* Debug */ = {
			isa = XCBuildConfiguration;
			buildSettings = {
				ASSETCATALOG_COMPILER_APPICON_NAME = AppIcon;
				ASSETCATALOG_COMPILER_GLOBAL_ACCENT_COLOR_NAME = AccentColor;
				CODE_SIGN_STYLE = Automatic;
				CURRENT_PROJECT_VERSION = 1;
				DEVELOPMENT_TEAM = T55Y7PXG3F;
				GENERATE_INFOPLIST_FILE = YES;
				INFOPLIST_FILE = TinkoffCalculator/Info.plist;
				INFOPLIST_KEY_UIApplicationSupportsIndirectInputEvents = YES;
				INFOPLIST_KEY_UILaunchStoryboardName = LaunchScreen;
				INFOPLIST_KEY_UIMainStoryboardFile = Main;
				INFOPLIST_KEY_UISupportedInterfaceOrientations_iPad = "UIInterfaceOrientationPortrait UIInterfaceOrientationPortraitUpsideDown UIInterfaceOrientationLandscapeLeft UIInterfaceOrientationLandscapeRight";
				INFOPLIST_KEY_UISupportedInterfaceOrientations_iPhone = "UIInterfaceOrientationPortrait UIInterfaceOrientationLandscapeLeft UIInterfaceOrientationLandscapeRight";
				IPHONEOS_DEPLOYMENT_TARGET = 16.4;
				LD_RUNPATH_SEARCH_PATHS = (
					"$(inherited)",
					"@executable_path/Frameworks",
				);
				MARKETING_VERSION = 1.0;
				PRODUCT_BUNDLE_IDENTIFIER = "zet-expert.TinkoffCalculator";
				PRODUCT_NAME = "$(TARGET_NAME)";
				SWIFT_EMIT_LOC_STRINGS = YES;
				SWIFT_VERSION = 5.0;
				TARGETED_DEVICE_FAMILY = "1,2";
			};
			name = Debug;
		};
		B03BA99A2C27336D00808841 /* Release */ = {
			isa = XCBuildConfiguration;
			buildSettings = {
				ASSETCATALOG_COMPILER_APPICON_NAME = AppIcon;
				ASSETCATALOG_COMPILER_GLOBAL_ACCENT_COLOR_NAME = AccentColor;
				CODE_SIGN_STYLE = Automatic;
				CURRENT_PROJECT_VERSION = 1;
				DEVELOPMENT_TEAM = T55Y7PXG3F;
				GENERATE_INFOPLIST_FILE = YES;
				INFOPLIST_FILE = TinkoffCalculator/Info.plist;
				INFOPLIST_KEY_UIApplicationSupportsIndirectInputEvents = YES;
				INFOPLIST_KEY_UILaunchStoryboardName = LaunchScreen;
				INFOPLIST_KEY_UIMainStoryboardFile = Main;
				INFOPLIST_KEY_UISupportedInterfaceOrientations_iPad = "UIInterfaceOrientationPortrait UIInterfaceOrientationPortraitUpsideDown UIInterfaceOrientationLandscapeLeft UIInterfaceOrientationLandscapeRight";
				INFOPLIST_KEY_UISupportedInterfaceOrientations_iPhone = "UIInterfaceOrientationPortrait UIInterfaceOrientationLandscapeLeft UIInterfaceOrientationLandscapeRight";
				IPHONEOS_DEPLOYMENT_TARGET = 16.4;
				LD_RUNPATH_SEARCH_PATHS = (
					"$(inherited)",
					"@executable_path/Frameworks",
				);
				MARKETING_VERSION = 1.0;
				PRODUCT_BUNDLE_IDENTIFIER = "zet-expert.TinkoffCalculator";
				PRODUCT_NAME = "$(TARGET_NAME)";
				SWIFT_EMIT_LOC_STRINGS = YES;
				SWIFT_VERSION = 5.0;
				TARGETED_DEVICE_FAMILY = "1,2";
			};
			name = Release;
		};
		B03BA99C2C27336D00808841 /* Debug */ = {
			isa = XCBuildConfiguration;
			buildSettings = {
				ALWAYS_EMBED_SWIFT_STANDARD_LIBRARIES = YES;
				BUNDLE_LOADER = "$(TEST_HOST)";
				CODE_SIGN_STYLE = Automatic;
				CURRENT_PROJECT_VERSION = 1;
				DEVELOPMENT_TEAM = T55Y7PXG3F;
				GENERATE_INFOPLIST_FILE = YES;
				IPHONEOS_DEPLOYMENT_TARGET = 17.5;
				MARKETING_VERSION = 1.0;
				PRODUCT_BUNDLE_IDENTIFIER = "zet-expert.TinkoffCalculatorTests";
				PRODUCT_NAME = "$(TARGET_NAME)";
				SWIFT_EMIT_LOC_STRINGS = NO;
				SWIFT_VERSION = 5.0;
				TARGETED_DEVICE_FAMILY = "1,2";
				TEST_HOST = "$(BUILT_PRODUCTS_DIR)/TinkoffCalculator.app/$(BUNDLE_EXECUTABLE_FOLDER_PATH)/TinkoffCalculator";
			};
			name = Debug;
		};
		B03BA99D2C27336D00808841 /* Release */ = {
			isa = XCBuildConfiguration;
			buildSettings = {
				ALWAYS_EMBED_SWIFT_STANDARD_LIBRARIES = YES;
				BUNDLE_LOADER = "$(TEST_HOST)";
				CODE_SIGN_STYLE = Automatic;
				CURRENT_PROJECT_VERSION = 1;
				DEVELOPMENT_TEAM = T55Y7PXG3F;
				GENERATE_INFOPLIST_FILE = YES;
				IPHONEOS_DEPLOYMENT_TARGET = 17.5;
				MARKETING_VERSION = 1.0;
				PRODUCT_BUNDLE_IDENTIFIER = "zet-expert.TinkoffCalculatorTests";
				PRODUCT_NAME = "$(TARGET_NAME)";
				SWIFT_EMIT_LOC_STRINGS = NO;
				SWIFT_VERSION = 5.0;
				TARGETED_DEVICE_FAMILY = "1,2";
				TEST_HOST = "$(BUILT_PRODUCTS_DIR)/TinkoffCalculator.app/$(BUNDLE_EXECUTABLE_FOLDER_PATH)/TinkoffCalculator";
			};
			name = Release;
		};
		B03BA99F2C27336D00808841 /* Debug */ = {
			isa = XCBuildConfiguration;
			buildSettings = {
				ALWAYS_EMBED_SWIFT_STANDARD_LIBRARIES = YES;
				CODE_SIGN_STYLE = Automatic;
				CURRENT_PROJECT_VERSION = 1;
				DEVELOPMENT_TEAM = T55Y7PXG3F;
				GENERATE_INFOPLIST_FILE = YES;
				MARKETING_VERSION = 1.0;
				PRODUCT_BUNDLE_IDENTIFIER = "zet-expert.TinkoffCalculatorUITests";
				PRODUCT_NAME = "$(TARGET_NAME)";
				SWIFT_EMIT_LOC_STRINGS = NO;
				SWIFT_VERSION = 5.0;
				TARGETED_DEVICE_FAMILY = "1,2";
				TEST_TARGET_NAME = TinkoffCalculator;
			};
			name = Debug;
		};
		B03BA9A02C27336D00808841 /* Release */ = {
			isa = XCBuildConfiguration;
			buildSettings = {
				ALWAYS_EMBED_SWIFT_STANDARD_LIBRARIES = YES;
				CODE_SIGN_STYLE = Automatic;
				CURRENT_PROJECT_VERSION = 1;
				DEVELOPMENT_TEAM = T55Y7PXG3F;
				GENERATE_INFOPLIST_FILE = YES;
				MARKETING_VERSION = 1.0;
				PRODUCT_BUNDLE_IDENTIFIER = "zet-expert.TinkoffCalculatorUITests";
				PRODUCT_NAME = "$(TARGET_NAME)";
				SWIFT_EMIT_LOC_STRINGS = NO;
				SWIFT_VERSION = 5.0;
				TARGETED_DEVICE_FAMILY = "1,2";
				TEST_TARGET_NAME = TinkoffCalculator;
			};
			name = Release;
		};
/* End XCBuildConfiguration section */

/* Begin XCConfigurationList section */
		B03BA9692C27336C00808841 /* Build configuration list for PBXProject "TinkoffCalculator" */ = {
			isa = XCConfigurationList;
			buildConfigurations = (
				B03BA9962C27336D00808841 /* Debug */,
				B03BA9972C27336D00808841 /* Release */,
			);
			defaultConfigurationIsVisible = 0;
			defaultConfigurationName = Release;
		};
		B03BA9982C27336D00808841 /* Build configuration list for PBXNativeTarget "TinkoffCalculator" */ = {
			isa = XCConfigurationList;
			buildConfigurations = (
				B03BA9992C27336D00808841 /* Debug */,
				B03BA99A2C27336D00808841 /* Release */,
			);
			defaultConfigurationIsVisible = 0;
			defaultConfigurationName = Release;
		};
		B03BA99B2C27336D00808841 /* Build configuration list for PBXNativeTarget "TinkoffCalculatorTests" */ = {
			isa = XCConfigurationList;
			buildConfigurations = (
				B03BA99C2C27336D00808841 /* Debug */,
				B03BA99D2C27336D00808841 /* Release */,
			);
			defaultConfigurationIsVisible = 0;
			defaultConfigurationName = Release;
		};
		B03BA99E2C27336D00808841 /* Build configuration list for PBXNativeTarget "TinkoffCalculatorUITests" */ = {
			isa = XCConfigurationList;
			buildConfigurations = (
				B03BA99F2C27336D00808841 /* Debug */,
				B03BA9A02C27336D00808841 /* Release */,
			);
			defaultConfigurationIsVisible = 0;
			defaultConfigurationName = Release;
		};
/* End XCConfigurationList section */
	};
	rootObject = B03BA9662C27336C00808841 /* Project object */;
}
